Microsoft Visual Studio Solution File, Format Version 12.00
# Visual Studio Version 17
VisualStudioVersion = 17.5.2.0
MinimumVisualStudioVersion = 10.0.40219.1
Project("{FAE04EC0-301F-11D3-BF4B-00C04F79EFBC}") = "Actividad2_semana10", "Actividad2_semana10.csproj", "{B1B6059C-4355-A33E-9DFE-B2531036839A}"
EndProject
Global
	GlobalSection(SolutionConfigurationPlatforms) = preSolution
		Debug|Any CPU = Debug|Any CPU
		Release|Any CPU = Release|Any CPU
	EndGlobalSection
	GlobalSection(ProjectConfigurationPlatforms) = postSolution
		{B1B6059C-4355-A33E-9DFE-B2531036839A}.Debug|Any CPU.ActiveCfg = Debug|Any CPU
		{B1B6059C-4355-A33E-9DFE-B2531036839A}.Debug|Any CPU.Build.0 = Debug|Any CPU
		{B1B6059C-4355-A33E-9DFE-B2531036839A}.Release|Any CPU.ActiveCfg = Release|Any CPU
		{B1B6059C-4355-A33E-9DFE-B2531036839A}.Release|Any CPU.Build.0 = Release|Any CPU
	EndGlobalSection
	GlobalSection(SolutionProperties) = preSolution
		HideSolutionNode = FALSE
	EndGlobalSection
	GlobalSection(ExtensibilityGlobals) = postSolution
		SolutionGuid = {70AFA95F-BE5E-45B2-BF36-F7781C66C6DE}
	EndGlobalSection
EndGlobal
