Microsoft Visual Studio Solution File, Format Version 12.00
# Visual Studio Version 17
VisualStudioVersion = 17.5.2.0
MinimumVisualStudioVersion = 10.0.40219.1
Project("{FAE04EC0-301F-11D3-BF4B-00C04F79EFBC}") = "Clase_1", "Clase_1.csproj", "{4BA454F5-08D4-8924-2136-AA3DB3844EAE}"
EndProject
Global
	GlobalSection(SolutionConfigurationPlatforms) = preSolution
		Debug|Any CPU = Debug|Any CPU
		Release|Any CPU = Release|Any CPU
	EndGlobalSection
	GlobalSection(ProjectConfigurationPlatforms) = postSolution
		{4BA454F5-08D4-8924-2136-AA3DB3844EAE}.Debug|Any CPU.ActiveCfg = Debug|Any CPU
		{4BA454F5-08D4-8924-2136-AA3DB3844EAE}.Debug|Any CPU.Build.0 = Debug|Any CPU
		{4BA454F5-08D4-8924-2136-AA3DB3844EAE}.Release|Any CPU.ActiveCfg = Release|Any CPU
		{4BA454F5-08D4-8924-2136-AA3DB3844EAE}.Release|Any CPU.Build.0 = Release|Any CPU
	EndGlobalSection
	GlobalSection(SolutionProperties) = preSolution
		HideSolutionNode = FALSE
	EndGlobalSection
	GlobalSection(ExtensibilityGlobals) = postSolution
		SolutionGuid = {504B7F80-D5D0-43F1-BCA2-8C9541404631}
	EndGlobalSection
EndGlobal
